{
  "name": "moreless",
  "version": "1.0.0",
  "lockfileVersion": 2,
  "requires": true,
  "packages": {
    "": {
      "name": "moreless",
      "version": "1.0.0",
      "license": "ISC",
      "dependencies": {
        "sleepless": "^5.4.0"
      }
    },
    "node_modules/sleepless": {
      "version": "5.4.0",
      "resolved": "https://registry.npmjs.org/sleepless/-/sleepless-5.4.0.tgz",
      "integrity": "sha512-b+2HtseKMMJNEsBAngW2bAhoseRb6BT9kdHp1PIPlg3QshXO8v4AqJvqX042Goi6kz+HvT1GSzjxFOPfh8Dupw=="
    }
  },
  "dependencies": {
    "sleepless": {
      "version": "5.4.0",
      "resolved": "https://registry.npmjs.org/sleepless/-/sleepless-5.4.0.tgz",
      "integrity": "sha512-b+2HtseKMMJNEsBAngW2bAhoseRb6BT9kdHp1PIPlg3QshXO8v4AqJvqX042Goi6kz+HvT1GSzjxFOPfh8Dupw=="
    }
  }
}
